
Microsoft Visual Studio Solution File, Format Version 12.00
# Visual Studio Version 16
VisualStudioVersion = 16.0.30204.135
MinimumVisualStudioVersion = 10.0.40219.1
Project("{FAE04EC0-301F-11D3-BF4B-00C04F79EFBC}") = "VentasCommon", "VentasCommon\VentasCommon.csproj", "{FF0479CE-A5F1-4DD3-BA1F-9D61C65038B6}"
EndProject
Global
	GlobalSection(SolutionConfigurationPlatforms) = preSolution
		Debug|Any CPU = Debug|Any CPU
		Release|Any CPU = Release|Any CPU
	EndGlobalSection
	GlobalSection(ProjectConfigurationPlatforms) = postSolution
		{FF0479CE-A5F1-4DD3-BA1F-9D61C65038B6}.Debug|Any CPU.ActiveCfg = Debug|Any CPU
		{FF0479CE-A5F1-4DD3-BA1F-9D61C65038B6}.Debug|Any CPU.Build.0 = Debug|Any CPU
		{FF0479CE-A5F1-4DD3-BA1F-9D61C65038B6}.Release|Any CPU.ActiveCfg = Release|Any CPU
		{FF0479CE-A5F1-4DD3-BA1F-9D61C65038B6}.Release|Any CPU.Build.0 = Release|Any CPU
	EndGlobalSection
	GlobalSection(SolutionProperties) = preSolution
		HideSolutionNode = FALSE
	EndGlobalSection
	GlobalSection(ExtensibilityGlobals) = postSolution
		SolutionGuid = {DDE20D88-CAC9-49F8-8B2D-2C95DEE76FAA}
	EndGlobalSection
EndGlobal
