
Microsoft Visual Studio Solution File, Format Version 12.00
# Visual Studio Version 17
VisualStudioVersion = 17.4.33213.308
MinimumVisualStudioVersion = 10.0.40219.1
Project("{9A19103F-16F7-4668-BE54-9A1E7A4F7556}") = "MercadoPago_API", "MercadoPago_API.csproj", "{FC757134-49AF-421A-AF1A-B5B8199355B3}"
EndProject
Global
	GlobalSection(SolutionConfigurationPlatforms) = preSolution
		Debug|Any CPU = Debug|Any CPU
		Release|Any CPU = Release|Any CPU
	EndGlobalSection
	GlobalSection(ProjectConfigurationPlatforms) = postSolution
		{FC757134-49AF-421A-AF1A-B5B8199355B3}.Debug|Any CPU.ActiveCfg = Debug|Any CPU
		{FC757134-49AF-421A-AF1A-B5B8199355B3}.Debug|Any CPU.Build.0 = Debug|Any CPU
		{FC757134-49AF-421A-AF1A-B5B8199355B3}.Release|Any CPU.ActiveCfg = Release|Any CPU
		{FC757134-49AF-421A-AF1A-B5B8199355B3}.Release|Any CPU.Build.0 = Release|Any CPU
	EndGlobalSection
	GlobalSection(SolutionProperties) = preSolution
		HideSolutionNode = FALSE
	EndGlobalSection
	GlobalSection(ExtensibilityGlobals) = postSolution
		SolutionGuid = {856D01CE-61FA-4644-8FA3-69F2D3235E48}
	EndGlobalSection
EndGlobal
