
Microsoft Visual Studio Solution File, Format Version 12.00
# Visual Studio 15
VisualStudioVersion = 15.0.27703.2035
MinimumVisualStudioVersion = 10.0.40219.1
Project("{FAE04EC0-301F-11D3-BF4B-00C04F79EFBC}") = "StockDAL", "StockDAL\StockDAL.csproj", "{D571DA76-DC0D-4C9E-8421-12844E819079}"
EndProject
Project("{FAE04EC0-301F-11D3-BF4B-00C04F79EFBC}") = "StockPruebas", "StockPruebas\StockPruebas.csproj", "{84FCE089-AB5C-4AAD-8CFF-E79F9BDAED70}"
EndProject
Global
	GlobalSection(SolutionConfigurationPlatforms) = preSolution
		Debug|Any CPU = Debug|Any CPU
		Release|Any CPU = Release|Any CPU
	EndGlobalSection
	GlobalSection(ProjectConfigurationPlatforms) = postSolution
		{D571DA76-DC0D-4C9E-8421-12844E819079}.Debug|Any CPU.ActiveCfg = Debug|Any CPU
		{D571DA76-DC0D-4C9E-8421-12844E819079}.Debug|Any CPU.Build.0 = Debug|Any CPU
		{D571DA76-DC0D-4C9E-8421-12844E819079}.Release|Any CPU.ActiveCfg = Release|Any CPU
		{D571DA76-DC0D-4C9E-8421-12844E819079}.Release|Any CPU.Build.0 = Release|Any CPU
		{84FCE089-AB5C-4AAD-8CFF-E79F9BDAED70}.Debug|Any CPU.ActiveCfg = Debug|Any CPU
		{84FCE089-AB5C-4AAD-8CFF-E79F9BDAED70}.Debug|Any CPU.Build.0 = Debug|Any CPU
		{84FCE089-AB5C-4AAD-8CFF-E79F9BDAED70}.Release|Any CPU.ActiveCfg = Release|Any CPU
		{84FCE089-AB5C-4AAD-8CFF-E79F9BDAED70}.Release|Any CPU.Build.0 = Release|Any CPU
	EndGlobalSection
	GlobalSection(SolutionProperties) = preSolution
		HideSolutionNode = FALSE
	EndGlobalSection
	GlobalSection(ExtensibilityGlobals) = postSolution
		SolutionGuid = {32232157-2905-4F93-93EC-1AE13D295D55}
	EndGlobalSection
EndGlobal
