
Microsoft Visual Studio Solution File, Format Version 12.00
# Visual Studio 15
VisualStudioVersion = 15.0.27703.2035
MinimumVisualStudioVersion = 10.0.40219.1
Project("{FAE04EC0-301F-11D3-BF4B-00C04F79EFBC}") = "KSKBE", "KSKBE\KSKBE.csproj", "{59D93B95-AA3F-4E1F-BB61-74A5652FA781}"
EndProject
Project("{FAE04EC0-301F-11D3-BF4B-00C04F79EFBC}") = "KSKExchange", "KSKExchange\KSKExchange.csproj", "{5E8A0BF2-B72F-46D7-A458-160AFDB8707F}"
EndProject
Global
	GlobalSection(SolutionConfigurationPlatforms) = preSolution
		Debug|Any CPU = Debug|Any CPU
		Release|Any CPU = Release|Any CPU
	EndGlobalSection
	GlobalSection(ProjectConfigurationPlatforms) = postSolution
		{59D93B95-AA3F-4E1F-BB61-74A5652FA781}.Debug|Any CPU.ActiveCfg = Debug|Any CPU
		{59D93B95-AA3F-4E1F-BB61-74A5652FA781}.Debug|Any CPU.Build.0 = Debug|Any CPU
		{59D93B95-AA3F-4E1F-BB61-74A5652FA781}.Release|Any CPU.ActiveCfg = Release|Any CPU
		{59D93B95-AA3F-4E1F-BB61-74A5652FA781}.Release|Any CPU.Build.0 = Release|Any CPU
		{5E8A0BF2-B72F-46D7-A458-160AFDB8707F}.Debug|Any CPU.ActiveCfg = Debug|Any CPU
		{5E8A0BF2-B72F-46D7-A458-160AFDB8707F}.Debug|Any CPU.Build.0 = Debug|Any CPU
		{5E8A0BF2-B72F-46D7-A458-160AFDB8707F}.Release|Any CPU.ActiveCfg = Release|Any CPU
		{5E8A0BF2-B72F-46D7-A458-160AFDB8707F}.Release|Any CPU.Build.0 = Release|Any CPU
	EndGlobalSection
	GlobalSection(SolutionProperties) = preSolution
		HideSolutionNode = FALSE
	EndGlobalSection
	GlobalSection(ExtensibilityGlobals) = postSolution
		SolutionGuid = {BF28D814-9697-4C81-A9C3-68C38F650508}
	EndGlobalSection
EndGlobal
