
Microsoft Visual Studio Solution File, Format Version 12.00
# Visual Studio Version 16
VisualStudioVersion = 16.0.30413.136
MinimumVisualStudioVersion = 10.0.40219.1
Project("{FAE04EC0-301F-11D3-BF4B-00C04F79EFBC}") = "TestDal", "TestDal.csproj", "{26F966C6-DFD5-4B70-A924-4AA28FA890EF}"
EndProject
Global
	GlobalSection(SolutionConfigurationPlatforms) = preSolution
		Debug|Any CPU = Debug|Any CPU
		Release|Any CPU = Release|Any CPU
	EndGlobalSection
	GlobalSection(ProjectConfigurationPlatforms) = postSolution
		{26F966C6-DFD5-4B70-A924-4AA28FA890EF}.Debug|Any CPU.ActiveCfg = Debug|Any CPU
		{26F966C6-DFD5-4B70-A924-4AA28FA890EF}.Debug|Any CPU.Build.0 = Debug|Any CPU
		{26F966C6-DFD5-4B70-A924-4AA28FA890EF}.Release|Any CPU.ActiveCfg = Release|Any CPU
		{26F966C6-DFD5-4B70-A924-4AA28FA890EF}.Release|Any CPU.Build.0 = Release|Any CPU
	EndGlobalSection
	GlobalSection(SolutionProperties) = preSolution
		HideSolutionNode = FALSE
	EndGlobalSection
	GlobalSection(ExtensibilityGlobals) = postSolution
		SolutionGuid = {F15B315C-6B9A-4C77-8874-360C57D7A36E}
	EndGlobalSection
EndGlobal
