
Microsoft Visual Studio Solution File, Format Version 12.00
# Visual Studio Version 16
VisualStudioVersion = 16.0.30804.86
MinimumVisualStudioVersion = 10.0.40219.1
Project("{FAE04EC0-301F-11D3-BF4B-00C04F79EFBC}") = "ImpuestosReportes", "ImpuestosReportes.csproj", "{B217E9A3-6000-4A0B-ABB2-42C00F2FE036}"
EndProject
Project("{2150E333-8FDC-42A3-9474-1A3956D46DE8}") = "Solution Items", "Solution Items", "{B27B17A8-220B-45FE-965C-3FB605FFEA8C}"
EndProject
Global
	GlobalSection(SolutionConfigurationPlatforms) = preSolution
		Debug|Any CPU = Debug|Any CPU
		Release|Any CPU = Release|Any CPU
	EndGlobalSection
	GlobalSection(ProjectConfigurationPlatforms) = postSolution
		{B217E9A3-6000-4A0B-ABB2-42C00F2FE036}.Debug|Any CPU.ActiveCfg = Debug|Any CPU
		{B217E9A3-6000-4A0B-ABB2-42C00F2FE036}.Debug|Any CPU.Build.0 = Debug|Any CPU
		{B217E9A3-6000-4A0B-ABB2-42C00F2FE036}.Release|Any CPU.ActiveCfg = Release|Any CPU
		{B217E9A3-6000-4A0B-ABB2-42C00F2FE036}.Release|Any CPU.Build.0 = Release|Any CPU
	EndGlobalSection
	GlobalSection(SolutionProperties) = preSolution
		HideSolutionNode = FALSE
	EndGlobalSection
	GlobalSection(ExtensibilityGlobals) = postSolution
		SolutionGuid = {E0F36827-186C-4EB3-98E5-69CEF30F330B}
	EndGlobalSection
EndGlobal
