
Microsoft Visual Studio Solution File, Format Version 12.00
# Visual Studio Version 16
VisualStudioVersion = 16.0.30320.27
MinimumVisualStudioVersion = 10.0.40219.1
Project("{2150E333-8FDC-42A3-9474-1A3956D46DE8}") = "ActivoFijo", "ActivoFijo", "{B7671045-ECB5-43D3-B82B-A5EC4D8AA7DE}"
EndProject
Project("{FAE04EC0-301F-11D3-BF4B-00C04F79EFBC}") = "ActivoFijoExchange", "BE\ActivoFijoExchange\ActivoFijoExchange.csproj", "{013FF905-736E-43CD-B713-979EC4F0DE18}"
EndProject
Project("{FAE04EC0-301F-11D3-BF4B-00C04F79EFBC}") = "ActivoFijoCommon", "Common\ActivoFijoCommon\ActivoFijoCommon\ActivoFijoCommon.csproj", "{439A837C-05DD-47B3-9328-FD2BE36E541F}"
EndProject
Project("{FAE04EC0-301F-11D3-BF4B-00C04F79EFBC}") = "ActivoFijoReportesCommon", "Common\ActivoFijoReportesCommon\ActivoFijoReportesCommon\ActivoFijoReportesCommon.csproj", "{92B30726-7DF6-4FB6-A641-2C5C99B4DC85}"
EndProject
Project("{FAE04EC0-301F-11D3-BF4B-00C04F79EFBC}") = "ActivoFijoDAL", "DAL\ActivoFijoDAL\ActivoFijoDAL\ActivoFijoDAL.csproj", "{1B55C9DA-A925-4A69-96D0-AF459516288B}"
EndProject
Project("{FAE04EC0-301F-11D3-BF4B-00C04F79EFBC}") = "ActivoFijoFeEventos", "FE\ActivoFijoFeEventos\ActivoFijoFeEventos\ActivoFijoFeEventos.csproj", "{BF1EEF8A-EC3E-483B-A41D-793C6E052E7A}"
EndProject
Project("{2150E333-8FDC-42A3-9474-1A3956D46DE8}") = "Compras", "Compras", "{3D6FEB0A-4AFB-4983-A6E5-470E8F8F4A7C}"
EndProject
Project("{FAE04EC0-301F-11D3-BF4B-00C04F79EFBC}") = "ComprasExchange", "BE\ComprasExchange\ComprasExchange.csproj", "{0D3B3347-A8CF-4909-AEA6-62C5D45244A3}"
EndProject
Project("{FAE04EC0-301F-11D3-BF4B-00C04F79EFBC}") = "ComprasCommon", "Common\ComprasCommon\ComprasCommon\ComprasCommon.csproj", "{426A7287-F5D3-42C3-B096-E963F20D1513}"
EndProject
Project("{FAE04EC0-301F-11D3-BF4B-00C04F79EFBC}") = "ComprasReportesCommon", "Common\ComprasReportesCommon\ComprasReportesCommon\ComprasReportesCommon.csproj", "{2BA87DBF-C085-4682-8967-A2BD181E64BE}"
EndProject
Project("{FAE04EC0-301F-11D3-BF4B-00C04F79EFBC}") = "ComprasDAL", "DAL\ComprasDAL\ComprasDAL\ComprasDAL.csproj", "{2FF2AEF6-D020-4953-A66A-5E04392F70A9}"
EndProject
Project("{FAE04EC0-301F-11D3-BF4B-00C04F79EFBC}") = "ComprasFEEventos", "FE\ComprasFEEventos\ComprasFEEventos\ComprasFEEventos.csproj", "{C7563EB5-8A72-4981-A69F-C95097D1BD31}"
EndProject
Project("{2150E333-8FDC-42A3-9474-1A3956D46DE8}") = "Contabilidad", "Contabilidad", "{E49C08AB-3A92-42FF-A17A-77CF0E8118E5}"
EndProject
Project("{FAE04EC0-301F-11D3-BF4B-00C04F79EFBC}") = "ContabilidadExchange", "BE\ContabilidadExchange\ContabilidadExchange.csproj", "{24E4CBA8-710C-4A3D-8E5F-A24E8D976541}"
EndProject
Project("{FAE04EC0-301F-11D3-BF4B-00C04F79EFBC}") = "ContabilidadCommon", "Common\ContabilidadCommon\ContabilidadCommon\ContabilidadCommon.csproj", "{A1732112-8817-4321-99CC-3C0069457061}"
EndProject
Project("{FAE04EC0-301F-11D3-BF4B-00C04F79EFBC}") = "ContabilidadReportesCommon", "Common\ContabilidadReportesCommon\ContabilidadReportesCommon\ContabilidadReportesCommon.csproj", "{A22C03EF-51A0-4C26-817C-071CDE455472}"
EndProject
Project("{FAE04EC0-301F-11D3-BF4B-00C04F79EFBC}") = "ContabilidadDAL", "DAL\ContabilidadDAL\ContabilidadDAL\ContabilidadDAL.csproj", "{10368F5B-AAB5-4FAF-8BD3-4E50420F3787}"
EndProject
Project("{FAE04EC0-301F-11D3-BF4B-00C04F79EFBC}") = "ContabilidadFEEventos", "FE\ContabilidadFEEventos\ContabilidadFEEventos\ContabilidadFEEventos.csproj", "{654D89F4-22D1-4B28-A171-AB64D3863A23}"
EndProject
Project("{2150E333-8FDC-42A3-9474-1A3956D46DE8}") = "Generales", "Generales", "{AEAD33F3-BFAF-43EE-B049-88AB91F7D85A}"
EndProject
Project("{FAE04EC0-301F-11D3-BF4B-00C04F79EFBC}") = "GeneralesExchange", "BE\GeneralesExchange\GeneralesExchange.csproj", "{678DCD1E-D8AC-4FD8-934A-B775110C81D5}"
EndProject
Project("{FAE04EC0-301F-11D3-BF4B-00C04F79EFBC}") = "GeneralesCommon", "Common\GeneralesCommon\GeneralesCommon\GeneralesCommon.csproj", "{8559DC7B-A346-4FA7-BB58-75E025FFFF03}"
EndProject
Project("{FAE04EC0-301F-11D3-BF4B-00C04F79EFBC}") = "GeneralesReportesCommon", "Common\GeneralesReportesCommon\GeneralesReportesCommon\GeneralesReportesCommon.csproj", "{4D656EA3-5E00-4224-9D99-6F3020834740}"
EndProject
Project("{FAE04EC0-301F-11D3-BF4B-00C04F79EFBC}") = "GeneralesDAL", "DAL\GeneralesDAL\GeneralesDAL\GeneralesDAL.csproj", "{6C8F0F52-ECDD-40A4-BCA5-346E3E6B2BE6}"
EndProject
Project("{FAE04EC0-301F-11D3-BF4B-00C04F79EFBC}") = "GeneralesFEEventos", "FE\GeneralesFEEventos\GeneralesFEEventos\GeneralesFEEventos.csproj", "{CA426C62-8F7F-492F-8B7C-ECFA3A3C0BC5}"
EndProject
Project("{2150E333-8FDC-42A3-9474-1A3956D46DE8}") = "Impuestos", "Impuestos", "{3F32C920-DFEB-4321-BB56-686F8C1A5771}"
EndProject
Project("{FAE04EC0-301F-11D3-BF4B-00C04F79EFBC}") = "ImpuestosExchange", "BE\ImpuestosExchange\ImpuestosExchange.csproj", "{AFE1812B-C85C-42E3-9384-1F65256EC080}"
EndProject
Project("{FAE04EC0-301F-11D3-BF4B-00C04F79EFBC}") = "ImpuestosCommon", "Common\ImpuestosCommon\ImpuestosCommon\ImpuestosCommon\ImpuestosCommon.csproj", "{55DD8371-9BE2-4311-A757-67427D08D549}"
EndProject
Project("{FAE04EC0-301F-11D3-BF4B-00C04F79EFBC}") = "ImpuestosReportesCommon", "Common\ImpuestosReportesCommon\ImpuestosReportesCommon\ImpuestosReportesCommon.csproj", "{BF51B7A9-A212-409B-B1CC-81F62F7735AE}"
EndProject
Project("{FAE04EC0-301F-11D3-BF4B-00C04F79EFBC}") = "ImpuestosDAL", "DAL\ImpuestosDAL\ImpuestosDAL\ImpuestosDAL\ImpuestosDAL.csproj", "{AB4197C4-8C73-4528-A8CB-775DDCED7CBF}"
EndProject
Project("{FAE04EC0-301F-11D3-BF4B-00C04F79EFBC}") = "ImpuestosFEEventos", "FE\ImpuestosFEEventos\ImpuestosFEEventos\ImpuestosFEEventos.csproj", "{84AC70FB-A36F-4C66-AD83-3F98DE12DE51}"
EndProject
Project("{2150E333-8FDC-42A3-9474-1A3956D46DE8}") = "Produccion", "Produccion", "{DD6CF346-EAB9-4CD4-9897-920F6089F47E}"
EndProject
Project("{FAE04EC0-301F-11D3-BF4B-00C04F79EFBC}") = "ProduccionExchange", "BE\ProduccionExchange\ProduccionExchange.csproj", "{BC7DC036-55F2-4920-A465-564D2438D94E}"
EndProject
Project("{FAE04EC0-301F-11D3-BF4B-00C04F79EFBC}") = "ProduccionCommon", "Common\ProduccionCommon\ProduccionCommon\ProduccionCommon.csproj", "{D4466173-DB34-4721-9E5F-1ABC4C463CE2}"
EndProject
Project("{FAE04EC0-301F-11D3-BF4B-00C04F79EFBC}") = "ProduccionReportesCommon", "Common\ProduccionReportesCommon\ProduccionReportesCommon\ProduccionReportesCommon.csproj", "{39655623-F0FB-49FD-9883-DF2328E5AB5A}"
EndProject
Project("{FAE04EC0-301F-11D3-BF4B-00C04F79EFBC}") = "ProduccionDAL", "DAL\ProduccionDAL\ProduccionDAL\ProduccionDAL.csproj", "{CBF1E491-9A3F-453F-9D5D-844978E71DD9}"
EndProject
Project("{FAE04EC0-301F-11D3-BF4B-00C04F79EFBC}") = "ProduccionFeEventos", "FE\ProduccionFeEventos\ProduccionFeEventos\ProduccionFeEventos\ProduccionFeEventos.csproj", "{B31ECDDD-B68A-45B4-9E52-A4442BC5EA39}"
EndProject
Project("{2150E333-8FDC-42A3-9474-1A3956D46DE8}") = "Stock", "Stock", "{CA508510-AE97-4B41-9EE2-2FB1C8556D0D}"
EndProject
Project("{FAE04EC0-301F-11D3-BF4B-00C04F79EFBC}") = "StockExchange", "BE\StockExchange\StockExchange.csproj", "{93E23FA8-C960-4B51-A145-03D16483CAFE}"
EndProject
Project("{FAE04EC0-301F-11D3-BF4B-00C04F79EFBC}") = "StockCommon", "Common\StockCommon\StockCommon\StockCommon.csproj", "{B5AADC9C-A68C-4B7E-9B17-C7FA162283A4}"
EndProject
Project("{FAE04EC0-301F-11D3-BF4B-00C04F79EFBC}") = "StockReportesCommon", "Common\StockReportesCommon\StockReportesCommon\StockReportesCommon.csproj", "{6928E806-89A5-4EE9-97BD-2BF0E80AFCB5}"
EndProject
Project("{FAE04EC0-301F-11D3-BF4B-00C04F79EFBC}") = "StockDAL", "DAL\StockDAL\StockDAL\StockDAL.csproj", "{D571DA76-DC0D-4C9E-8421-12844E819079}"
EndProject
Project("{FAE04EC0-301F-11D3-BF4B-00C04F79EFBC}") = "StockFEEventos", "FE\StockFEEventos\StockFEEventos\StockFEEventos.csproj", "{C15CB6D1-2A61-4531-9589-6B07913CCF6E}"
EndProject
Project("{2150E333-8FDC-42A3-9474-1A3956D46DE8}") = "Sueldos", "Sueldos", "{8F609002-1E2A-492D-AD7A-063DB4D5ABDF}"
EndProject
Project("{FAE04EC0-301F-11D3-BF4B-00C04F79EFBC}") = "SueldosExchange", "BE\SueldosExchange\SueldosExchange.csproj", "{07B53804-7A1F-41A2-AD34-6878335A6635}"
EndProject
Project("{FAE04EC0-301F-11D3-BF4B-00C04F79EFBC}") = "SueldosCommon", "Common\SueldosCommon\SueldosCommon\SueldosCommon.csproj", "{D300B465-E303-4BFA-A906-0BFA6D7105E8}"
EndProject
Project("{FAE04EC0-301F-11D3-BF4B-00C04F79EFBC}") = "SueldosReportesCommon", "Common\SueldosReportesCommon\SueldosReportesCommon\SueldosReportesCommon.csproj", "{B50A80BD-1EAC-4518-B8A8-2DEE6A32E52E}"
EndProject
Project("{FAE04EC0-301F-11D3-BF4B-00C04F79EFBC}") = "SueldosDAL", "DAL\SueldosDAL\SueldosDAL\SueldosDAL.csproj", "{9772547E-48FD-43BE-A6FD-8E4F115F053F}"
EndProject
Project("{FAE04EC0-301F-11D3-BF4B-00C04F79EFBC}") = "SueldosFEEventos", "FE\SueldosFEEventos\SueldosFEEventos\SueldosFEEventos.csproj", "{563DF974-186B-4CCB-9ED0-A414C6CFEC6C}"
EndProject
Project("{2150E333-8FDC-42A3-9474-1A3956D46DE8}") = "Tesoreria", "Tesoreria", "{B5DC38FB-E035-4917-8B93-722481C61D63}"
EndProject
Project("{FAE04EC0-301F-11D3-BF4B-00C04F79EFBC}") = "TesoreriaExchange", "BE\TesoreriaExchange\TesoreriaExchange.csproj", "{8056579C-2E84-4DCB-AF7E-4AE2CDB88186}"
EndProject
Project("{FAE04EC0-301F-11D3-BF4B-00C04F79EFBC}") = "TesoreriaCommon", "Common\TesoreriaCommon\TesoreriaCommon\TesoreriaCommon\TesoreriaCommon.csproj", "{8CE1DEBF-54F4-4E33-94FB-2E316FE994F8}"
EndProject
Project("{FAE04EC0-301F-11D3-BF4B-00C04F79EFBC}") = "TesoreriaReportesCommon", "Common\TesoreriaReportesCommon\TesoreriaReportesCommon\TesoreriaReportesCommon.csproj", "{BA57DEBA-EAD3-459E-B319-912F31710D87}"
EndProject
Project("{FAE04EC0-301F-11D3-BF4B-00C04F79EFBC}") = "TesoreriaDAL", "DAL\TesoreriaDAL\TesoreriaDAL\TesoreriaDAL.csproj", "{F6162C49-FCA4-4A01-9205-B0F5BEA69795}"
EndProject
Project("{FAE04EC0-301F-11D3-BF4B-00C04F79EFBC}") = "TesoreriaFEEventos", "FE\TesoreriaFEEventos\TesoreriaFEEventos\TesoreriaFEEventos.csproj", "{E303C8E2-66F2-422E-BDB3-E52E72433C18}"
EndProject
Project("{2150E333-8FDC-42A3-9474-1A3956D46DE8}") = "Ventas", "Ventas", "{4D8F8B72-C4A2-4351-B4FC-E84A87D2E62F}"
EndProject
Project("{FAE04EC0-301F-11D3-BF4B-00C04F79EFBC}") = "VentasExchange", "BE\VentasExchange\VentasExchange.csproj", "{9086DC67-3A32-4C61-9C2D-5AF1F42A37BC}"
EndProject
Project("{FAE04EC0-301F-11D3-BF4B-00C04F79EFBC}") = "VentasCommon", "Common\VentasCommon\VentasCommon\VentasCommon\VentasCommon.csproj", "{FF0479CE-A5F1-4DD3-BA1F-9D61C65038B6}"
EndProject
Project("{FAE04EC0-301F-11D3-BF4B-00C04F79EFBC}") = "VentasReportesCommon", "Common\VentasReportesCommon\VentasReportesCommon\VentasReportesCommon.csproj", "{2F1FDFFD-D8B5-46AC-A758-0E84081EC986}"
EndProject
Project("{FAE04EC0-301F-11D3-BF4B-00C04F79EFBC}") = "VentasDAL", "DAL\VentasDAL\VentasDAL\VentasDAL.csproj", "{FB2AC30C-82E9-417A-8231-E8E57AA898C5}"
EndProject
Project("{FAE04EC0-301F-11D3-BF4B-00C04F79EFBC}") = "VentasFEEventos", "FE\VentasFEEventos\VentasFEEventos\VentasFEEventos.csproj", "{E6E6D787-ACE9-4E6A-A1B3-FD884ABB936A}"
EndProject
Global
	GlobalSection(SolutionConfigurationPlatforms) = preSolution
		Debug|Any CPU = Debug|Any CPU
		Release|Any CPU = Release|Any CPU
	EndGlobalSection
	GlobalSection(ProjectConfigurationPlatforms) = postSolution
		{013FF905-736E-43CD-B713-979EC4F0DE18}.Debug|Any CPU.ActiveCfg = Debug|Any CPU
		{013FF905-736E-43CD-B713-979EC4F0DE18}.Debug|Any CPU.Build.0 = Debug|Any CPU
		{013FF905-736E-43CD-B713-979EC4F0DE18}.Release|Any CPU.ActiveCfg = Release|Any CPU
		{013FF905-736E-43CD-B713-979EC4F0DE18}.Release|Any CPU.Build.0 = Release|Any CPU
		{439A837C-05DD-47B3-9328-FD2BE36E541F}.Debug|Any CPU.ActiveCfg = Debug|Any CPU
		{439A837C-05DD-47B3-9328-FD2BE36E541F}.Debug|Any CPU.Build.0 = Debug|Any CPU
		{439A837C-05DD-47B3-9328-FD2BE36E541F}.Release|Any CPU.ActiveCfg = Release|Any CPU
		{439A837C-05DD-47B3-9328-FD2BE36E541F}.Release|Any CPU.Build.0 = Release|Any CPU
		{92B30726-7DF6-4FB6-A641-2C5C99B4DC85}.Debug|Any CPU.ActiveCfg = Debug|Any CPU
		{92B30726-7DF6-4FB6-A641-2C5C99B4DC85}.Debug|Any CPU.Build.0 = Debug|Any CPU
		{92B30726-7DF6-4FB6-A641-2C5C99B4DC85}.Release|Any CPU.ActiveCfg = Release|Any CPU
		{92B30726-7DF6-4FB6-A641-2C5C99B4DC85}.Release|Any CPU.Build.0 = Release|Any CPU
		{1B55C9DA-A925-4A69-96D0-AF459516288B}.Debug|Any CPU.ActiveCfg = Debug|Any CPU
		{1B55C9DA-A925-4A69-96D0-AF459516288B}.Debug|Any CPU.Build.0 = Debug|Any CPU
		{1B55C9DA-A925-4A69-96D0-AF459516288B}.Release|Any CPU.ActiveCfg = Release|Any CPU
		{1B55C9DA-A925-4A69-96D0-AF459516288B}.Release|Any CPU.Build.0 = Release|Any CPU
		{BF1EEF8A-EC3E-483B-A41D-793C6E052E7A}.Debug|Any CPU.ActiveCfg = Debug|Any CPU
		{BF1EEF8A-EC3E-483B-A41D-793C6E052E7A}.Debug|Any CPU.Build.0 = Debug|Any CPU
		{BF1EEF8A-EC3E-483B-A41D-793C6E052E7A}.Release|Any CPU.ActiveCfg = Release|Any CPU
		{BF1EEF8A-EC3E-483B-A41D-793C6E052E7A}.Release|Any CPU.Build.0 = Release|Any CPU
		{0D3B3347-A8CF-4909-AEA6-62C5D45244A3}.Debug|Any CPU.ActiveCfg = Debug|Any CPU
		{0D3B3347-A8CF-4909-AEA6-62C5D45244A3}.Debug|Any CPU.Build.0 = Debug|Any CPU
		{0D3B3347-A8CF-4909-AEA6-62C5D45244A3}.Release|Any CPU.ActiveCfg = Release|Any CPU
		{0D3B3347-A8CF-4909-AEA6-62C5D45244A3}.Release|Any CPU.Build.0 = Release|Any CPU
		{426A7287-F5D3-42C3-B096-E963F20D1513}.Debug|Any CPU.ActiveCfg = Debug|Any CPU
		{426A7287-F5D3-42C3-B096-E963F20D1513}.Debug|Any CPU.Build.0 = Debug|Any CPU
		{426A7287-F5D3-42C3-B096-E963F20D1513}.Release|Any CPU.ActiveCfg = Release|Any CPU
		{426A7287-F5D3-42C3-B096-E963F20D1513}.Release|Any CPU.Build.0 = Release|Any CPU
		{2BA87DBF-C085-4682-8967-A2BD181E64BE}.Debug|Any CPU.ActiveCfg = Debug|Any CPU
		{2BA87DBF-C085-4682-8967-A2BD181E64BE}.Debug|Any CPU.Build.0 = Debug|Any CPU
		{2BA87DBF-C085-4682-8967-A2BD181E64BE}.Release|Any CPU.ActiveCfg = Release|Any CPU
		{2BA87DBF-C085-4682-8967-A2BD181E64BE}.Release|Any CPU.Build.0 = Release|Any CPU
		{2FF2AEF6-D020-4953-A66A-5E04392F70A9}.Debug|Any CPU.ActiveCfg = Debug|Any CPU
		{2FF2AEF6-D020-4953-A66A-5E04392F70A9}.Debug|Any CPU.Build.0 = Debug|Any CPU
		{2FF2AEF6-D020-4953-A66A-5E04392F70A9}.Release|Any CPU.ActiveCfg = Release|Any CPU
		{2FF2AEF6-D020-4953-A66A-5E04392F70A9}.Release|Any CPU.Build.0 = Release|Any CPU
		{C7563EB5-8A72-4981-A69F-C95097D1BD31}.Debug|Any CPU.ActiveCfg = Debug|Any CPU
		{C7563EB5-8A72-4981-A69F-C95097D1BD31}.Debug|Any CPU.Build.0 = Debug|Any CPU
		{C7563EB5-8A72-4981-A69F-C95097D1BD31}.Release|Any CPU.ActiveCfg = Release|Any CPU
		{C7563EB5-8A72-4981-A69F-C95097D1BD31}.Release|Any CPU.Build.0 = Release|Any CPU
		{24E4CBA8-710C-4A3D-8E5F-A24E8D976541}.Debug|Any CPU.ActiveCfg = Debug|Any CPU
		{24E4CBA8-710C-4A3D-8E5F-A24E8D976541}.Debug|Any CPU.Build.0 = Debug|Any CPU
		{24E4CBA8-710C-4A3D-8E5F-A24E8D976541}.Release|Any CPU.ActiveCfg = Release|Any CPU
		{24E4CBA8-710C-4A3D-8E5F-A24E8D976541}.Release|Any CPU.Build.0 = Release|Any CPU
		{A1732112-8817-4321-99CC-3C0069457061}.Debug|Any CPU.ActiveCfg = Debug|Any CPU
		{A1732112-8817-4321-99CC-3C0069457061}.Debug|Any CPU.Build.0 = Debug|Any CPU
		{A1732112-8817-4321-99CC-3C0069457061}.Release|Any CPU.ActiveCfg = Release|Any CPU
		{A1732112-8817-4321-99CC-3C0069457061}.Release|Any CPU.Build.0 = Release|Any CPU
		{A22C03EF-51A0-4C26-817C-071CDE455472}.Debug|Any CPU.ActiveCfg = Debug|Any CPU
		{A22C03EF-51A0-4C26-817C-071CDE455472}.Debug|Any CPU.Build.0 = Debug|Any CPU
		{A22C03EF-51A0-4C26-817C-071CDE455472}.Release|Any CPU.ActiveCfg = Release|Any CPU
		{A22C03EF-51A0-4C26-817C-071CDE455472}.Release|Any CPU.Build.0 = Release|Any CPU
		{10368F5B-AAB5-4FAF-8BD3-4E50420F3787}.Debug|Any CPU.ActiveCfg = Debug|Any CPU
		{10368F5B-AAB5-4FAF-8BD3-4E50420F3787}.Debug|Any CPU.Build.0 = Debug|Any CPU
		{10368F5B-AAB5-4FAF-8BD3-4E50420F3787}.Release|Any CPU.ActiveCfg = Release|Any CPU
		{10368F5B-AAB5-4FAF-8BD3-4E50420F3787}.Release|Any CPU.Build.0 = Release|Any CPU
		{654D89F4-22D1-4B28-A171-AB64D3863A23}.Debug|Any CPU.ActiveCfg = Debug|Any CPU
		{654D89F4-22D1-4B28-A171-AB64D3863A23}.Debug|Any CPU.Build.0 = Debug|Any CPU
		{654D89F4-22D1-4B28-A171-AB64D3863A23}.Release|Any CPU.ActiveCfg = Release|Any CPU
		{654D89F4-22D1-4B28-A171-AB64D3863A23}.Release|Any CPU.Build.0 = Release|Any CPU
		{678DCD1E-D8AC-4FD8-934A-B775110C81D5}.Debug|Any CPU.ActiveCfg = Debug|Any CPU
		{678DCD1E-D8AC-4FD8-934A-B775110C81D5}.Debug|Any CPU.Build.0 = Debug|Any CPU
		{678DCD1E-D8AC-4FD8-934A-B775110C81D5}.Release|Any CPU.ActiveCfg = Release|Any CPU
		{678DCD1E-D8AC-4FD8-934A-B775110C81D5}.Release|Any CPU.Build.0 = Release|Any CPU
		{8559DC7B-A346-4FA7-BB58-75E025FFFF03}.Debug|Any CPU.ActiveCfg = Debug|Any CPU
		{8559DC7B-A346-4FA7-BB58-75E025FFFF03}.Debug|Any CPU.Build.0 = Debug|Any CPU
		{8559DC7B-A346-4FA7-BB58-75E025FFFF03}.Release|Any CPU.ActiveCfg = Release|Any CPU
		{8559DC7B-A346-4FA7-BB58-75E025FFFF03}.Release|Any CPU.Build.0 = Release|Any CPU
		{4D656EA3-5E00-4224-9D99-6F3020834740}.Debug|Any CPU.ActiveCfg = Debug|Any CPU
		{4D656EA3-5E00-4224-9D99-6F3020834740}.Debug|Any CPU.Build.0 = Debug|Any CPU
		{4D656EA3-5E00-4224-9D99-6F3020834740}.Release|Any CPU.ActiveCfg = Release|Any CPU
		{4D656EA3-5E00-4224-9D99-6F3020834740}.Release|Any CPU.Build.0 = Release|Any CPU
		{6C8F0F52-ECDD-40A4-BCA5-346E3E6B2BE6}.Debug|Any CPU.ActiveCfg = Debug|Any CPU
		{6C8F0F52-ECDD-40A4-BCA5-346E3E6B2BE6}.Debug|Any CPU.Build.0 = Debug|Any CPU
		{6C8F0F52-ECDD-40A4-BCA5-346E3E6B2BE6}.Release|Any CPU.ActiveCfg = Release|Any CPU
		{6C8F0F52-ECDD-40A4-BCA5-346E3E6B2BE6}.Release|Any CPU.Build.0 = Release|Any CPU
		{CA426C62-8F7F-492F-8B7C-ECFA3A3C0BC5}.Debug|Any CPU.ActiveCfg = Debug|Any CPU
		{CA426C62-8F7F-492F-8B7C-ECFA3A3C0BC5}.Debug|Any CPU.Build.0 = Debug|Any CPU
		{CA426C62-8F7F-492F-8B7C-ECFA3A3C0BC5}.Release|Any CPU.ActiveCfg = Release|Any CPU
		{CA426C62-8F7F-492F-8B7C-ECFA3A3C0BC5}.Release|Any CPU.Build.0 = Release|Any CPU
		{AFE1812B-C85C-42E3-9384-1F65256EC080}.Debug|Any CPU.ActiveCfg = Debug|Any CPU
		{AFE1812B-C85C-42E3-9384-1F65256EC080}.Debug|Any CPU.Build.0 = Debug|Any CPU
		{AFE1812B-C85C-42E3-9384-1F65256EC080}.Release|Any CPU.ActiveCfg = Release|Any CPU
		{AFE1812B-C85C-42E3-9384-1F65256EC080}.Release|Any CPU.Build.0 = Release|Any CPU
		{55DD8371-9BE2-4311-A757-67427D08D549}.Debug|Any CPU.ActiveCfg = Debug|Any CPU
		{55DD8371-9BE2-4311-A757-67427D08D549}.Debug|Any CPU.Build.0 = Debug|Any CPU
		{55DD8371-9BE2-4311-A757-67427D08D549}.Release|Any CPU.ActiveCfg = Release|Any CPU
		{55DD8371-9BE2-4311-A757-67427D08D549}.Release|Any CPU.Build.0 = Release|Any CPU
		{BF51B7A9-A212-409B-B1CC-81F62F7735AE}.Debug|Any CPU.ActiveCfg = Debug|Any CPU
		{BF51B7A9-A212-409B-B1CC-81F62F7735AE}.Debug|Any CPU.Build.0 = Debug|Any CPU
		{BF51B7A9-A212-409B-B1CC-81F62F7735AE}.Release|Any CPU.ActiveCfg = Release|Any CPU
		{BF51B7A9-A212-409B-B1CC-81F62F7735AE}.Release|Any CPU.Build.0 = Release|Any CPU
		{AB4197C4-8C73-4528-A8CB-775DDCED7CBF}.Debug|Any CPU.ActiveCfg = Debug|Any CPU
		{AB4197C4-8C73-4528-A8CB-775DDCED7CBF}.Debug|Any CPU.Build.0 = Debug|Any CPU
		{AB4197C4-8C73-4528-A8CB-775DDCED7CBF}.Release|Any CPU.ActiveCfg = Release|Any CPU
		{AB4197C4-8C73-4528-A8CB-775DDCED7CBF}.Release|Any CPU.Build.0 = Release|Any CPU
		{84AC70FB-A36F-4C66-AD83-3F98DE12DE51}.Debug|Any CPU.ActiveCfg = Debug|Any CPU
		{84AC70FB-A36F-4C66-AD83-3F98DE12DE51}.Debug|Any CPU.Build.0 = Debug|Any CPU
		{84AC70FB-A36F-4C66-AD83-3F98DE12DE51}.Release|Any CPU.ActiveCfg = Release|Any CPU
		{84AC70FB-A36F-4C66-AD83-3F98DE12DE51}.Release|Any CPU.Build.0 = Release|Any CPU
		{BC7DC036-55F2-4920-A465-564D2438D94E}.Debug|Any CPU.ActiveCfg = Debug|Any CPU
		{BC7DC036-55F2-4920-A465-564D2438D94E}.Debug|Any CPU.Build.0 = Debug|Any CPU
		{BC7DC036-55F2-4920-A465-564D2438D94E}.Release|Any CPU.ActiveCfg = Release|Any CPU
		{BC7DC036-55F2-4920-A465-564D2438D94E}.Release|Any CPU.Build.0 = Release|Any CPU
		{D4466173-DB34-4721-9E5F-1ABC4C463CE2}.Debug|Any CPU.ActiveCfg = Debug|Any CPU
		{D4466173-DB34-4721-9E5F-1ABC4C463CE2}.Debug|Any CPU.Build.0 = Debug|Any CPU
		{D4466173-DB34-4721-9E5F-1ABC4C463CE2}.Release|Any CPU.ActiveCfg = Release|Any CPU
		{D4466173-DB34-4721-9E5F-1ABC4C463CE2}.Release|Any CPU.Build.0 = Release|Any CPU
		{39655623-F0FB-49FD-9883-DF2328E5AB5A}.Debug|Any CPU.ActiveCfg = Debug|Any CPU
		{39655623-F0FB-49FD-9883-DF2328E5AB5A}.Debug|Any CPU.Build.0 = Debug|Any CPU
		{39655623-F0FB-49FD-9883-DF2328E5AB5A}.Release|Any CPU.ActiveCfg = Release|Any CPU
		{39655623-F0FB-49FD-9883-DF2328E5AB5A}.Release|Any CPU.Build.0 = Release|Any CPU
		{CBF1E491-9A3F-453F-9D5D-844978E71DD9}.Debug|Any CPU.ActiveCfg = Debug|Any CPU
		{CBF1E491-9A3F-453F-9D5D-844978E71DD9}.Debug|Any CPU.Build.0 = Debug|Any CPU
		{CBF1E491-9A3F-453F-9D5D-844978E71DD9}.Release|Any CPU.ActiveCfg = Release|Any CPU
		{CBF1E491-9A3F-453F-9D5D-844978E71DD9}.Release|Any CPU.Build.0 = Release|Any CPU
		{B31ECDDD-B68A-45B4-9E52-A4442BC5EA39}.Debug|Any CPU.ActiveCfg = Debug|Any CPU
		{B31ECDDD-B68A-45B4-9E52-A4442BC5EA39}.Debug|Any CPU.Build.0 = Debug|Any CPU
		{B31ECDDD-B68A-45B4-9E52-A4442BC5EA39}.Release|Any CPU.ActiveCfg = Release|Any CPU
		{B31ECDDD-B68A-45B4-9E52-A4442BC5EA39}.Release|Any CPU.Build.0 = Release|Any CPU
		{93E23FA8-C960-4B51-A145-03D16483CAFE}.Debug|Any CPU.ActiveCfg = Debug|Any CPU
		{93E23FA8-C960-4B51-A145-03D16483CAFE}.Debug|Any CPU.Build.0 = Debug|Any CPU
		{93E23FA8-C960-4B51-A145-03D16483CAFE}.Release|Any CPU.ActiveCfg = Release|Any CPU
		{93E23FA8-C960-4B51-A145-03D16483CAFE}.Release|Any CPU.Build.0 = Release|Any CPU
		{B5AADC9C-A68C-4B7E-9B17-C7FA162283A4}.Debug|Any CPU.ActiveCfg = Debug|Any CPU
		{B5AADC9C-A68C-4B7E-9B17-C7FA162283A4}.Debug|Any CPU.Build.0 = Debug|Any CPU
		{B5AADC9C-A68C-4B7E-9B17-C7FA162283A4}.Release|Any CPU.ActiveCfg = Release|Any CPU
		{B5AADC9C-A68C-4B7E-9B17-C7FA162283A4}.Release|Any CPU.Build.0 = Release|Any CPU
		{6928E806-89A5-4EE9-97BD-2BF0E80AFCB5}.Debug|Any CPU.ActiveCfg = Debug|Any CPU
		{6928E806-89A5-4EE9-97BD-2BF0E80AFCB5}.Debug|Any CPU.Build.0 = Debug|Any CPU
		{6928E806-89A5-4EE9-97BD-2BF0E80AFCB5}.Release|Any CPU.ActiveCfg = Release|Any CPU
		{6928E806-89A5-4EE9-97BD-2BF0E80AFCB5}.Release|Any CPU.Build.0 = Release|Any CPU
		{D571DA76-DC0D-4C9E-8421-12844E819079}.Debug|Any CPU.ActiveCfg = Debug|Any CPU
		{D571DA76-DC0D-4C9E-8421-12844E819079}.Debug|Any CPU.Build.0 = Debug|Any CPU
		{D571DA76-DC0D-4C9E-8421-12844E819079}.Release|Any CPU.ActiveCfg = Release|Any CPU
		{D571DA76-DC0D-4C9E-8421-12844E819079}.Release|Any CPU.Build.0 = Release|Any CPU
		{C15CB6D1-2A61-4531-9589-6B07913CCF6E}.Debug|Any CPU.ActiveCfg = Debug|Any CPU
		{C15CB6D1-2A61-4531-9589-6B07913CCF6E}.Debug|Any CPU.Build.0 = Debug|Any CPU
		{C15CB6D1-2A61-4531-9589-6B07913CCF6E}.Release|Any CPU.ActiveCfg = Release|Any CPU
		{C15CB6D1-2A61-4531-9589-6B07913CCF6E}.Release|Any CPU.Build.0 = Release|Any CPU
		{07B53804-7A1F-41A2-AD34-6878335A6635}.Debug|Any CPU.ActiveCfg = Debug|Any CPU
		{07B53804-7A1F-41A2-AD34-6878335A6635}.Debug|Any CPU.Build.0 = Debug|Any CPU
		{07B53804-7A1F-41A2-AD34-6878335A6635}.Release|Any CPU.ActiveCfg = Release|Any CPU
		{07B53804-7A1F-41A2-AD34-6878335A6635}.Release|Any CPU.Build.0 = Release|Any CPU
		{D300B465-E303-4BFA-A906-0BFA6D7105E8}.Debug|Any CPU.ActiveCfg = Debug|Any CPU
		{D300B465-E303-4BFA-A906-0BFA6D7105E8}.Debug|Any CPU.Build.0 = Debug|Any CPU
		{D300B465-E303-4BFA-A906-0BFA6D7105E8}.Release|Any CPU.ActiveCfg = Release|Any CPU
		{D300B465-E303-4BFA-A906-0BFA6D7105E8}.Release|Any CPU.Build.0 = Release|Any CPU
		{B50A80BD-1EAC-4518-B8A8-2DEE6A32E52E}.Debug|Any CPU.ActiveCfg = Debug|Any CPU
		{B50A80BD-1EAC-4518-B8A8-2DEE6A32E52E}.Debug|Any CPU.Build.0 = Debug|Any CPU
		{B50A80BD-1EAC-4518-B8A8-2DEE6A32E52E}.Release|Any CPU.ActiveCfg = Release|Any CPU
		{B50A80BD-1EAC-4518-B8A8-2DEE6A32E52E}.Release|Any CPU.Build.0 = Release|Any CPU
		{9772547E-48FD-43BE-A6FD-8E4F115F053F}.Debug|Any CPU.ActiveCfg = Debug|Any CPU
		{9772547E-48FD-43BE-A6FD-8E4F115F053F}.Debug|Any CPU.Build.0 = Debug|Any CPU
		{9772547E-48FD-43BE-A6FD-8E4F115F053F}.Release|Any CPU.ActiveCfg = Release|Any CPU
		{9772547E-48FD-43BE-A6FD-8E4F115F053F}.Release|Any CPU.Build.0 = Release|Any CPU
		{563DF974-186B-4CCB-9ED0-A414C6CFEC6C}.Debug|Any CPU.ActiveCfg = Debug|Any CPU
		{563DF974-186B-4CCB-9ED0-A414C6CFEC6C}.Debug|Any CPU.Build.0 = Debug|Any CPU
		{563DF974-186B-4CCB-9ED0-A414C6CFEC6C}.Release|Any CPU.ActiveCfg = Release|Any CPU
		{563DF974-186B-4CCB-9ED0-A414C6CFEC6C}.Release|Any CPU.Build.0 = Release|Any CPU
		{8056579C-2E84-4DCB-AF7E-4AE2CDB88186}.Debug|Any CPU.ActiveCfg = Debug|Any CPU
		{8056579C-2E84-4DCB-AF7E-4AE2CDB88186}.Debug|Any CPU.Build.0 = Debug|Any CPU
		{8056579C-2E84-4DCB-AF7E-4AE2CDB88186}.Release|Any CPU.ActiveCfg = Release|Any CPU
		{8056579C-2E84-4DCB-AF7E-4AE2CDB88186}.Release|Any CPU.Build.0 = Release|Any CPU
		{8CE1DEBF-54F4-4E33-94FB-2E316FE994F8}.Debug|Any CPU.ActiveCfg = Debug|Any CPU
		{8CE1DEBF-54F4-4E33-94FB-2E316FE994F8}.Debug|Any CPU.Build.0 = Debug|Any CPU
		{8CE1DEBF-54F4-4E33-94FB-2E316FE994F8}.Release|Any CPU.ActiveCfg = Release|Any CPU
		{8CE1DEBF-54F4-4E33-94FB-2E316FE994F8}.Release|Any CPU.Build.0 = Release|Any CPU
		{BA57DEBA-EAD3-459E-B319-912F31710D87}.Debug|Any CPU.ActiveCfg = Debug|Any CPU
		{BA57DEBA-EAD3-459E-B319-912F31710D87}.Debug|Any CPU.Build.0 = Debug|Any CPU
		{BA57DEBA-EAD3-459E-B319-912F31710D87}.Release|Any CPU.ActiveCfg = Release|Any CPU
		{BA57DEBA-EAD3-459E-B319-912F31710D87}.Release|Any CPU.Build.0 = Release|Any CPU
		{F6162C49-FCA4-4A01-9205-B0F5BEA69795}.Debug|Any CPU.ActiveCfg = Debug|Any CPU
		{F6162C49-FCA4-4A01-9205-B0F5BEA69795}.Debug|Any CPU.Build.0 = Debug|Any CPU
		{F6162C49-FCA4-4A01-9205-B0F5BEA69795}.Release|Any CPU.ActiveCfg = Release|Any CPU
		{F6162C49-FCA4-4A01-9205-B0F5BEA69795}.Release|Any CPU.Build.0 = Release|Any CPU
		{E303C8E2-66F2-422E-BDB3-E52E72433C18}.Debug|Any CPU.ActiveCfg = Debug|Any CPU
		{E303C8E2-66F2-422E-BDB3-E52E72433C18}.Debug|Any CPU.Build.0 = Debug|Any CPU
		{E303C8E2-66F2-422E-BDB3-E52E72433C18}.Release|Any CPU.ActiveCfg = Release|Any CPU
		{E303C8E2-66F2-422E-BDB3-E52E72433C18}.Release|Any CPU.Build.0 = Release|Any CPU
		{9086DC67-3A32-4C61-9C2D-5AF1F42A37BC}.Debug|Any CPU.ActiveCfg = Debug|Any CPU
		{9086DC67-3A32-4C61-9C2D-5AF1F42A37BC}.Debug|Any CPU.Build.0 = Debug|Any CPU
		{9086DC67-3A32-4C61-9C2D-5AF1F42A37BC}.Release|Any CPU.ActiveCfg = Release|Any CPU
		{9086DC67-3A32-4C61-9C2D-5AF1F42A37BC}.Release|Any CPU.Build.0 = Release|Any CPU
		{FF0479CE-A5F1-4DD3-BA1F-9D61C65038B6}.Debug|Any CPU.ActiveCfg = Debug|Any CPU
		{FF0479CE-A5F1-4DD3-BA1F-9D61C65038B6}.Debug|Any CPU.Build.0 = Debug|Any CPU
		{FF0479CE-A5F1-4DD3-BA1F-9D61C65038B6}.Release|Any CPU.ActiveCfg = Release|Any CPU
		{FF0479CE-A5F1-4DD3-BA1F-9D61C65038B6}.Release|Any CPU.Build.0 = Release|Any CPU
		{2F1FDFFD-D8B5-46AC-A758-0E84081EC986}.Debug|Any CPU.ActiveCfg = Debug|Any CPU
		{2F1FDFFD-D8B5-46AC-A758-0E84081EC986}.Debug|Any CPU.Build.0 = Debug|Any CPU
		{2F1FDFFD-D8B5-46AC-A758-0E84081EC986}.Release|Any CPU.ActiveCfg = Release|Any CPU
		{2F1FDFFD-D8B5-46AC-A758-0E84081EC986}.Release|Any CPU.Build.0 = Release|Any CPU
		{FB2AC30C-82E9-417A-8231-E8E57AA898C5}.Debug|Any CPU.ActiveCfg = Debug|Any CPU
		{FB2AC30C-82E9-417A-8231-E8E57AA898C5}.Debug|Any CPU.Build.0 = Debug|Any CPU
		{FB2AC30C-82E9-417A-8231-E8E57AA898C5}.Release|Any CPU.ActiveCfg = Release|Any CPU
		{FB2AC30C-82E9-417A-8231-E8E57AA898C5}.Release|Any CPU.Build.0 = Release|Any CPU
		{E6E6D787-ACE9-4E6A-A1B3-FD884ABB936A}.Debug|Any CPU.ActiveCfg = Debug|Any CPU
		{E6E6D787-ACE9-4E6A-A1B3-FD884ABB936A}.Debug|Any CPU.Build.0 = Debug|Any CPU
		{E6E6D787-ACE9-4E6A-A1B3-FD884ABB936A}.Release|Any CPU.ActiveCfg = Release|Any CPU
		{E6E6D787-ACE9-4E6A-A1B3-FD884ABB936A}.Release|Any CPU.Build.0 = Release|Any CPU
	EndGlobalSection
	GlobalSection(SolutionProperties) = preSolution
		HideSolutionNode = FALSE
	EndGlobalSection
	GlobalSection(NestedProjects) = preSolution
		{013FF905-736E-43CD-B713-979EC4F0DE18} = {B7671045-ECB5-43D3-B82B-A5EC4D8AA7DE}
		{439A837C-05DD-47B3-9328-FD2BE36E541F} = {B7671045-ECB5-43D3-B82B-A5EC4D8AA7DE}
		{92B30726-7DF6-4FB6-A641-2C5C99B4DC85} = {B7671045-ECB5-43D3-B82B-A5EC4D8AA7DE}
		{1B55C9DA-A925-4A69-96D0-AF459516288B} = {B7671045-ECB5-43D3-B82B-A5EC4D8AA7DE}
		{BF1EEF8A-EC3E-483B-A41D-793C6E052E7A} = {B7671045-ECB5-43D3-B82B-A5EC4D8AA7DE}
		{0D3B3347-A8CF-4909-AEA6-62C5D45244A3} = {3D6FEB0A-4AFB-4983-A6E5-470E8F8F4A7C}
		{426A7287-F5D3-42C3-B096-E963F20D1513} = {3D6FEB0A-4AFB-4983-A6E5-470E8F8F4A7C}
		{2BA87DBF-C085-4682-8967-A2BD181E64BE} = {3D6FEB0A-4AFB-4983-A6E5-470E8F8F4A7C}
		{2FF2AEF6-D020-4953-A66A-5E04392F70A9} = {3D6FEB0A-4AFB-4983-A6E5-470E8F8F4A7C}
		{C7563EB5-8A72-4981-A69F-C95097D1BD31} = {3D6FEB0A-4AFB-4983-A6E5-470E8F8F4A7C}
		{24E4CBA8-710C-4A3D-8E5F-A24E8D976541} = {E49C08AB-3A92-42FF-A17A-77CF0E8118E5}
		{A1732112-8817-4321-99CC-3C0069457061} = {E49C08AB-3A92-42FF-A17A-77CF0E8118E5}
		{A22C03EF-51A0-4C26-817C-071CDE455472} = {E49C08AB-3A92-42FF-A17A-77CF0E8118E5}
		{10368F5B-AAB5-4FAF-8BD3-4E50420F3787} = {E49C08AB-3A92-42FF-A17A-77CF0E8118E5}
		{654D89F4-22D1-4B28-A171-AB64D3863A23} = {E49C08AB-3A92-42FF-A17A-77CF0E8118E5}
		{678DCD1E-D8AC-4FD8-934A-B775110C81D5} = {AEAD33F3-BFAF-43EE-B049-88AB91F7D85A}
		{8559DC7B-A346-4FA7-BB58-75E025FFFF03} = {AEAD33F3-BFAF-43EE-B049-88AB91F7D85A}
		{4D656EA3-5E00-4224-9D99-6F3020834740} = {AEAD33F3-BFAF-43EE-B049-88AB91F7D85A}
		{6C8F0F52-ECDD-40A4-BCA5-346E3E6B2BE6} = {AEAD33F3-BFAF-43EE-B049-88AB91F7D85A}
		{CA426C62-8F7F-492F-8B7C-ECFA3A3C0BC5} = {AEAD33F3-BFAF-43EE-B049-88AB91F7D85A}
		{AFE1812B-C85C-42E3-9384-1F65256EC080} = {3F32C920-DFEB-4321-BB56-686F8C1A5771}
		{55DD8371-9BE2-4311-A757-67427D08D549} = {3F32C920-DFEB-4321-BB56-686F8C1A5771}
		{BF51B7A9-A212-409B-B1CC-81F62F7735AE} = {3F32C920-DFEB-4321-BB56-686F8C1A5771}
		{AB4197C4-8C73-4528-A8CB-775DDCED7CBF} = {3F32C920-DFEB-4321-BB56-686F8C1A5771}
		{84AC70FB-A36F-4C66-AD83-3F98DE12DE51} = {3F32C920-DFEB-4321-BB56-686F8C1A5771}
		{BC7DC036-55F2-4920-A465-564D2438D94E} = {DD6CF346-EAB9-4CD4-9897-920F6089F47E}
		{D4466173-DB34-4721-9E5F-1ABC4C463CE2} = {DD6CF346-EAB9-4CD4-9897-920F6089F47E}
		{39655623-F0FB-49FD-9883-DF2328E5AB5A} = {DD6CF346-EAB9-4CD4-9897-920F6089F47E}
		{CBF1E491-9A3F-453F-9D5D-844978E71DD9} = {DD6CF346-EAB9-4CD4-9897-920F6089F47E}
		{B31ECDDD-B68A-45B4-9E52-A4442BC5EA39} = {DD6CF346-EAB9-4CD4-9897-920F6089F47E}
		{93E23FA8-C960-4B51-A145-03D16483CAFE} = {CA508510-AE97-4B41-9EE2-2FB1C8556D0D}
		{B5AADC9C-A68C-4B7E-9B17-C7FA162283A4} = {CA508510-AE97-4B41-9EE2-2FB1C8556D0D}
		{6928E806-89A5-4EE9-97BD-2BF0E80AFCB5} = {CA508510-AE97-4B41-9EE2-2FB1C8556D0D}
		{D571DA76-DC0D-4C9E-8421-12844E819079} = {CA508510-AE97-4B41-9EE2-2FB1C8556D0D}
		{C15CB6D1-2A61-4531-9589-6B07913CCF6E} = {CA508510-AE97-4B41-9EE2-2FB1C8556D0D}
		{07B53804-7A1F-41A2-AD34-6878335A6635} = {8F609002-1E2A-492D-AD7A-063DB4D5ABDF}
		{D300B465-E303-4BFA-A906-0BFA6D7105E8} = {8F609002-1E2A-492D-AD7A-063DB4D5ABDF}
		{B50A80BD-1EAC-4518-B8A8-2DEE6A32E52E} = {8F609002-1E2A-492D-AD7A-063DB4D5ABDF}
		{9772547E-48FD-43BE-A6FD-8E4F115F053F} = {8F609002-1E2A-492D-AD7A-063DB4D5ABDF}
		{563DF974-186B-4CCB-9ED0-A414C6CFEC6C} = {8F609002-1E2A-492D-AD7A-063DB4D5ABDF}
		{8056579C-2E84-4DCB-AF7E-4AE2CDB88186} = {B5DC38FB-E035-4917-8B93-722481C61D63}
		{8CE1DEBF-54F4-4E33-94FB-2E316FE994F8} = {B5DC38FB-E035-4917-8B93-722481C61D63}
		{BA57DEBA-EAD3-459E-B319-912F31710D87} = {B5DC38FB-E035-4917-8B93-722481C61D63}
		{F6162C49-FCA4-4A01-9205-B0F5BEA69795} = {B5DC38FB-E035-4917-8B93-722481C61D63}
		{E303C8E2-66F2-422E-BDB3-E52E72433C18} = {B5DC38FB-E035-4917-8B93-722481C61D63}
		{9086DC67-3A32-4C61-9C2D-5AF1F42A37BC} = {4D8F8B72-C4A2-4351-B4FC-E84A87D2E62F}
		{FF0479CE-A5F1-4DD3-BA1F-9D61C65038B6} = {4D8F8B72-C4A2-4351-B4FC-E84A87D2E62F}
		{2F1FDFFD-D8B5-46AC-A758-0E84081EC986} = {4D8F8B72-C4A2-4351-B4FC-E84A87D2E62F}
		{FB2AC30C-82E9-417A-8231-E8E57AA898C5} = {4D8F8B72-C4A2-4351-B4FC-E84A87D2E62F}
		{E6E6D787-ACE9-4E6A-A1B3-FD884ABB936A} = {4D8F8B72-C4A2-4351-B4FC-E84A87D2E62F}
	EndGlobalSection
	GlobalSection(ExtensibilityGlobals) = postSolution
		SolutionGuid = {8284A6BB-F276-4158-80E2-05C4A8C81A1E}
	EndGlobalSection
EndGlobal
