
Microsoft Visual Studio Solution File, Format Version 12.00
# Visual Studio Version 16
VisualStudioVersion = 16.0.30413.136
MinimumVisualStudioVersion = 10.0.40219.1
Project("{FAE04EC0-301F-11D3-BF4B-00C04F79EFBC}") = "TestCommon", "TestCommon.csproj", "{6292A74C-F7F2-46E1-91E5-5E2C73263CE3}"
EndProject
Global
	GlobalSection(SolutionConfigurationPlatforms) = preSolution
		Debug|Any CPU = Debug|Any CPU
		Release|Any CPU = Release|Any CPU
	EndGlobalSection
	GlobalSection(ProjectConfigurationPlatforms) = postSolution
		{6292A74C-F7F2-46E1-91E5-5E2C73263CE3}.Debug|Any CPU.ActiveCfg = Debug|Any CPU
		{6292A74C-F7F2-46E1-91E5-5E2C73263CE3}.Debug|Any CPU.Build.0 = Debug|Any CPU
		{6292A74C-F7F2-46E1-91E5-5E2C73263CE3}.Release|Any CPU.ActiveCfg = Release|Any CPU
		{6292A74C-F7F2-46E1-91E5-5E2C73263CE3}.Release|Any CPU.Build.0 = Release|Any CPU
	EndGlobalSection
	GlobalSection(SolutionProperties) = preSolution
		HideSolutionNode = FALSE
	EndGlobalSection
	GlobalSection(ExtensibilityGlobals) = postSolution
		SolutionGuid = {78F96CD4-2B52-4BDF-B1A7-2AB2FA0992D3}
	EndGlobalSection
EndGlobal
