
Microsoft Visual Studio Solution File, Format Version 12.00
# Visual Studio Version 16
VisualStudioVersion = 16.0.29102.190
MinimumVisualStudioVersion = 10.0.40219.1
Project("{FAE04EC0-301F-11D3-BF4B-00C04F79EFBC}") = "SueldosFEEventos", "SueldosFEEventos\SueldosFEEventos.csproj", "{563DF974-186B-4CCB-9ED0-A414C6CFEC6C}"
EndProject
Global
	GlobalSection(SolutionConfigurationPlatforms) = preSolution
		Debug|Any CPU = Debug|Any CPU
		Release|Any CPU = Release|Any CPU
	EndGlobalSection
	GlobalSection(ProjectConfigurationPlatforms) = postSolution
		{563DF974-186B-4CCB-9ED0-A414C6CFEC6C}.Debug|Any CPU.ActiveCfg = Debug|Any CPU
		{563DF974-186B-4CCB-9ED0-A414C6CFEC6C}.Debug|Any CPU.Build.0 = Debug|Any CPU
		{563DF974-186B-4CCB-9ED0-A414C6CFEC6C}.Release|Any CPU.ActiveCfg = Release|Any CPU
		{563DF974-186B-4CCB-9ED0-A414C6CFEC6C}.Release|Any CPU.Build.0 = Release|Any CPU
	EndGlobalSection
	GlobalSection(SolutionProperties) = preSolution
		HideSolutionNode = FALSE
	EndGlobalSection
	GlobalSection(ExtensibilityGlobals) = postSolution
		SolutionGuid = {3A067069-12D4-404D-9567-919C3D3463E4}
	EndGlobalSection
EndGlobal
