
Microsoft Visual Studio Solution File, Format Version 12.00
# Visual Studio Version 16
VisualStudioVersion = 16.0.30413.136
MinimumVisualStudioVersion = 10.0.40219.1
Project("{FAE04EC0-301F-11D3-BF4B-00C04F79EFBC}") = "TestCommon", "..\Common\TestCommon\TestCommon.csproj", "{6292A74C-F7F2-46E1-91E5-5E2C73263CE3}"
EndProject
Project("{FAE04EC0-301F-11D3-BF4B-00C04F79EFBC}") = "TestDal", "..\Dal\TestDal\TestDal.csproj", "{26F966C6-DFD5-4B70-A924-4AA28FA890EF}"
EndProject
Project("{FAE04EC0-301F-11D3-BF4B-00C04F79EFBC}") = "TesteoBE", "..\BE\TesteoBE\TesteoBE.csproj", "{C673586E-D5AB-4B5F-A8F3-ABEC24C5B185}"
EndProject
Project("{FAE04EC0-301F-11D3-BF4B-00C04F79EFBC}") = "TesteoExchange", "..\BE\TesteoExchange\TesteoExchange.csproj", "{550D05B1-1B7C-448E-9B42-47A801DBBD08}"
EndProject
Global
	GlobalSection(SolutionConfigurationPlatforms) = preSolution
		Debug|Any CPU = Debug|Any CPU
		Release|Any CPU = Release|Any CPU
	EndGlobalSection
	GlobalSection(ProjectConfigurationPlatforms) = postSolution
		{6292A74C-F7F2-46E1-91E5-5E2C73263CE3}.Debug|Any CPU.ActiveCfg = Debug|Any CPU
		{6292A74C-F7F2-46E1-91E5-5E2C73263CE3}.Debug|Any CPU.Build.0 = Debug|Any CPU
		{6292A74C-F7F2-46E1-91E5-5E2C73263CE3}.Release|Any CPU.ActiveCfg = Release|Any CPU
		{6292A74C-F7F2-46E1-91E5-5E2C73263CE3}.Release|Any CPU.Build.0 = Release|Any CPU
		{26F966C6-DFD5-4B70-A924-4AA28FA890EF}.Debug|Any CPU.ActiveCfg = Debug|Any CPU
		{26F966C6-DFD5-4B70-A924-4AA28FA890EF}.Debug|Any CPU.Build.0 = Debug|Any CPU
		{26F966C6-DFD5-4B70-A924-4AA28FA890EF}.Release|Any CPU.ActiveCfg = Release|Any CPU
		{26F966C6-DFD5-4B70-A924-4AA28FA890EF}.Release|Any CPU.Build.0 = Release|Any CPU
		{C673586E-D5AB-4B5F-A8F3-ABEC24C5B185}.Debug|Any CPU.ActiveCfg = Debug|Any CPU
		{C673586E-D5AB-4B5F-A8F3-ABEC24C5B185}.Debug|Any CPU.Build.0 = Debug|Any CPU
		{C673586E-D5AB-4B5F-A8F3-ABEC24C5B185}.Release|Any CPU.ActiveCfg = Release|Any CPU
		{C673586E-D5AB-4B5F-A8F3-ABEC24C5B185}.Release|Any CPU.Build.0 = Release|Any CPU
		{550D05B1-1B7C-448E-9B42-47A801DBBD08}.Debug|Any CPU.ActiveCfg = Debug|Any CPU
		{550D05B1-1B7C-448E-9B42-47A801DBBD08}.Debug|Any CPU.Build.0 = Debug|Any CPU
		{550D05B1-1B7C-448E-9B42-47A801DBBD08}.Release|Any CPU.ActiveCfg = Release|Any CPU
		{550D05B1-1B7C-448E-9B42-47A801DBBD08}.Release|Any CPU.Build.0 = Release|Any CPU
	EndGlobalSection
	GlobalSection(SolutionProperties) = preSolution
		HideSolutionNode = FALSE
	EndGlobalSection
	GlobalSection(ExtensibilityGlobals) = postSolution
		SolutionGuid = {54DA9C00-B5BF-4921-A025-10F539514EDB}
	EndGlobalSection
EndGlobal
