
Microsoft Visual Studio Solution File, Format Version 12.00
# Visual Studio 14
VisualStudioVersion = 14.0.25420.1
MinimumVisualStudioVersion = 10.0.40219.1
Project("{FAE04EC0-301F-11D3-BF4B-00C04F79EFBC}") = "GeneralesDAL", "GeneralesDAL\GeneralesDAL.csproj", "{6C8F0F52-ECDD-40A4-BCA5-346E3E6B2BE6}"
EndProject
Project("{FAE04EC0-301F-11D3-BF4B-00C04F79EFBC}") = "GeneralesPruebas", "GeneralesPruebas\GeneralesPruebas.csproj", "{EEB2D8BF-4965-4B95-B1D4-2B5C1CA013B0}"
EndProject
Project("{2150E333-8FDC-42A3-9474-1A3956D46DE8}") = "Solution Items", "Solution Items", "{5A539546-3817-48B0-A2A2-C7743B03FC60}"
EndProject
Global
	GlobalSection(SolutionConfigurationPlatforms) = preSolution
		Debug|Any CPU = Debug|Any CPU
		Release|Any CPU = Release|Any CPU
	EndGlobalSection
	GlobalSection(ProjectConfigurationPlatforms) = postSolution
		{6C8F0F52-ECDD-40A4-BCA5-346E3E6B2BE6}.Debug|Any CPU.ActiveCfg = Debug|Any CPU
		{6C8F0F52-ECDD-40A4-BCA5-346E3E6B2BE6}.Debug|Any CPU.Build.0 = Debug|Any CPU
		{6C8F0F52-ECDD-40A4-BCA5-346E3E6B2BE6}.Release|Any CPU.ActiveCfg = Release|Any CPU
		{6C8F0F52-ECDD-40A4-BCA5-346E3E6B2BE6}.Release|Any CPU.Build.0 = Release|Any CPU
		{EEB2D8BF-4965-4B95-B1D4-2B5C1CA013B0}.Debug|Any CPU.ActiveCfg = Debug|Any CPU
		{EEB2D8BF-4965-4B95-B1D4-2B5C1CA013B0}.Debug|Any CPU.Build.0 = Debug|Any CPU
		{EEB2D8BF-4965-4B95-B1D4-2B5C1CA013B0}.Release|Any CPU.ActiveCfg = Release|Any CPU
		{EEB2D8BF-4965-4B95-B1D4-2B5C1CA013B0}.Release|Any CPU.Build.0 = Release|Any CPU
	EndGlobalSection
	GlobalSection(SolutionProperties) = preSolution
		HideSolutionNode = FALSE
	EndGlobalSection
EndGlobal
