
Microsoft Visual Studio Solution File, Format Version 12.00
# Visual Studio 15
VisualStudioVersion = 15.0.27703.2035
MinimumVisualStudioVersion = 10.0.40219.1
Project("{FAE04EC0-301F-11D3-BF4B-00C04F79EFBC}") = "KSKFEEventos", "KSKFEEventos\KSKFEEventos.csproj", "{EDDC1296-E5A8-49A2-B52D-5909674A0552}"
EndProject
Global
	GlobalSection(SolutionConfigurationPlatforms) = preSolution
		Debug|Any CPU = Debug|Any CPU
		Release|Any CPU = Release|Any CPU
	EndGlobalSection
	GlobalSection(ProjectConfigurationPlatforms) = postSolution
		{EDDC1296-E5A8-49A2-B52D-5909674A0552}.Debug|Any CPU.ActiveCfg = Debug|Any CPU
		{EDDC1296-E5A8-49A2-B52D-5909674A0552}.Debug|Any CPU.Build.0 = Debug|Any CPU
		{EDDC1296-E5A8-49A2-B52D-5909674A0552}.Release|Any CPU.ActiveCfg = Release|Any CPU
		{EDDC1296-E5A8-49A2-B52D-5909674A0552}.Release|Any CPU.Build.0 = Release|Any CPU
	EndGlobalSection
	GlobalSection(SolutionProperties) = preSolution
		HideSolutionNode = FALSE
	EndGlobalSection
	GlobalSection(ExtensibilityGlobals) = postSolution
		SolutionGuid = {515239B8-0AD0-4F19-AA4F-381524EA362A}
	EndGlobalSection
EndGlobal
