
Microsoft Visual Studio Solution File, Format Version 12.00
# Visual Studio Version 16
VisualStudioVersion = 16.0.29009.5
MinimumVisualStudioVersion = 10.0.40219.1
Project("{FAE04EC0-301F-11D3-BF4B-00C04F79EFBC}") = "SueldosCommon", "SueldosCommon\SueldosCommon.csproj", "{D300B465-E303-4BFA-A906-0BFA6D7105E8}"
EndProject
Global
	GlobalSection(SolutionConfigurationPlatforms) = preSolution
		Debug|Any CPU = Debug|Any CPU
		Release|Any CPU = Release|Any CPU
	EndGlobalSection
	GlobalSection(ProjectConfigurationPlatforms) = postSolution
		{D300B465-E303-4BFA-A906-0BFA6D7105E8}.Debug|Any CPU.ActiveCfg = Debug|Any CPU
		{D300B465-E303-4BFA-A906-0BFA6D7105E8}.Debug|Any CPU.Build.0 = Debug|Any CPU
		{D300B465-E303-4BFA-A906-0BFA6D7105E8}.Release|Any CPU.ActiveCfg = Release|Any CPU
		{D300B465-E303-4BFA-A906-0BFA6D7105E8}.Release|Any CPU.Build.0 = Release|Any CPU
	EndGlobalSection
	GlobalSection(SolutionProperties) = preSolution
		HideSolutionNode = FALSE
	EndGlobalSection
	GlobalSection(ExtensibilityGlobals) = postSolution
		SolutionGuid = {AFCC3F65-8DA2-4559-9A49-FBA905FFFC90}
	EndGlobalSection
EndGlobal
